
Microsoft Visual Studio Solution File, Format Version 12.00
# Visual Studio Version 17
VisualStudioVersion = 17.3.32929.385
MinimumVisualStudioVersion = 10.0.40219.1
Project("{9A19103F-16F7-4668-BE54-9A1E7A4F7556}") = "FastType", "FastType.csproj", "{C3DF6062-3DAD-4B57-A85A-0C0793ED06D2}"
EndProject
Global
	GlobalSection(SolutionConfigurationPlatforms) = preSolution
		Debug|Any CPU = Debug|Any CPU
		Release|Any CPU = Release|Any CPU
	EndGlobalSection
	GlobalSection(ProjectConfigurationPlatforms) = postSolution
		{C3DF6062-3DAD-4B57-A85A-0C0793ED06D2}.Debug|Any CPU.ActiveCfg = Debug|Any CPU
		{C3DF6062-3DAD-4B57-A85A-0C0793ED06D2}.Debug|Any CPU.Build.0 = Debug|Any CPU
		{C3DF6062-3DAD-4B57-A85A-0C0793ED06D2}.Release|Any CPU.ActiveCfg = Release|Any CPU
		{C3DF6062-3DAD-4B57-A85A-0C0793ED06D2}.Release|Any CPU.Build.0 = Release|Any CPU
	EndGlobalSection
	GlobalSection(SolutionProperties) = preSolution
		HideSolutionNode = FALSE
	EndGlobalSection
	GlobalSection(ExtensibilityGlobals) = postSolution
		SolutionGuid = {A9A7C1F5-DE44-4AFA-BA6C-750E7DECC720}
	EndGlobalSection
EndGlobal
