
Microsoft Visual Studio Solution File, Format Version 12.00
# Visual Studio Version 17
VisualStudioVersion = 17.3.32929.385
MinimumVisualStudioVersion = 10.0.40219.1
Project("{9A19103F-16F7-4668-BE54-9A1E7A4F7556}") = "FastType", "FastType.csproj", "{3ADECD69-5EE7-403C-B068-12E91EC6E3EB}"
EndProject
Global
	GlobalSection(SolutionConfigurationPlatforms) = preSolution
		Debug|Any CPU = Debug|Any CPU
		Release|Any CPU = Release|Any CPU
	EndGlobalSection
	GlobalSection(ProjectConfigurationPlatforms) = postSolution
		{3ADECD69-5EE7-403C-B068-12E91EC6E3EB}.Debug|Any CPU.ActiveCfg = Debug|Any CPU
		{3ADECD69-5EE7-403C-B068-12E91EC6E3EB}.Debug|Any CPU.Build.0 = Debug|Any CPU
		{3ADECD69-5EE7-403C-B068-12E91EC6E3EB}.Release|Any CPU.ActiveCfg = Release|Any CPU
		{3ADECD69-5EE7-403C-B068-12E91EC6E3EB}.Release|Any CPU.Build.0 = Release|Any CPU
	EndGlobalSection
	GlobalSection(SolutionProperties) = preSolution
		HideSolutionNode = FALSE
	EndGlobalSection
	GlobalSection(ExtensibilityGlobals) = postSolution
		SolutionGuid = {C9B170EC-27B6-4CA5-A4F6-F341DD9F27FA}
	EndGlobalSection
EndGlobal
